
Microsoft Visual Studio Solution File, Format Version 12.00
# Visual Studio Version 17
VisualStudioVersion = 17.8.34330.188
MinimumVisualStudioVersion = 10.0.40219.1
Project("{FAE04EC0-301F-11D3-BF4B-00C04F79EFBC}") = "Battleships", "Battleships.csproj", "{A41ECB82-45EB-45C2-9414-6D35C6FAB738}"
EndProject
Global
	GlobalSection(SolutionConfigurationPlatforms) = preSolution
		Debug|Any CPU = Debug|Any CPU
		Release|Any CPU = Release|Any CPU
	EndGlobalSection
	GlobalSection(ProjectConfigurationPlatforms) = postSolution
		{A41ECB82-45EB-45C2-9414-6D35C6FAB738}.Debug|Any CPU.ActiveCfg = Debug|Any CPU
		{A41ECB82-45EB-45C2-9414-6D35C6FAB738}.Debug|Any CPU.Build.0 = Debug|Any CPU
		{A41ECB82-45EB-45C2-9414-6D35C6FAB738}.Release|Any CPU.ActiveCfg = Release|Any CPU
		{A41ECB82-45EB-45C2-9414-6D35C6FAB738}.Release|Any CPU.Build.0 = Release|Any CPU
	EndGlobalSection
	GlobalSection(SolutionProperties) = preSolution
		HideSolutionNode = FALSE
	EndGlobalSection
	GlobalSection(ExtensibilityGlobals) = postSolution
		SolutionGuid = {9CDBB9EF-5BE7-4B16-9B3A-C9D7C14F9A3D}
	EndGlobalSection
EndGlobal
